
Microsoft Visual Studio Solution File, Format Version 12.00
# Visual Studio Version 17
VisualStudioVersion = 17.9.34616.47
MinimumVisualStudioVersion = 10.0.40219.1
Project("{FAE04EC0-301F-11D3-BF4B-00C04F79EFBC}") = "Wages App", "Wages App\Wages App.csproj", "{47104C39-F3A2-4770-A6D9-42B12D1172D9}"
EndProject
Global
	GlobalSection(SolutionConfigurationPlatforms) = preSolution
		Debug|Any CPU = Debug|Any CPU
		Release|Any CPU = Release|Any CPU
	EndGlobalSection
	GlobalSection(ProjectConfigurationPlatforms) = postSolution
		{47104C39-F3A2-4770-A6D9-42B12D1172D9}.Debug|Any CPU.ActiveCfg = Debug|Any CPU
		{47104C39-F3A2-4770-A6D9-42B12D1172D9}.Debug|Any CPU.Build.0 = Debug|Any CPU
		{47104C39-F3A2-4770-A6D9-42B12D1172D9}.Release|Any CPU.ActiveCfg = Release|Any CPU
		{47104C39-F3A2-4770-A6D9-42B12D1172D9}.Release|Any CPU.Build.0 = Release|Any CPU
	EndGlobalSection
	GlobalSection(SolutionProperties) = preSolution
		HideSolutionNode = FALSE
	EndGlobalSection
	GlobalSection(ExtensibilityGlobals) = postSolution
		SolutionGuid = {C4769132-4A4B-4153-85FD-096B79D2A7C4}
	EndGlobalSection
EndGlobal
